
Microsoft Visual Studio Solution File, Format Version 12.00
# Visual Studio Version 17
VisualStudioVersion = 17.5.33627.172
MinimumVisualStudioVersion = 10.0.40219.1
Project("{FAE04EC0-301F-11D3-BF4B-00C04F79EFBC}") = "QuanLySachThuVien", "QuanLySachThuVien.csproj", "{46555D73-067D-4FF2-8BAB-504E7B0DBD68}"
EndProject
Global
	GlobalSection(SolutionConfigurationPlatforms) = preSolution
		Debug|Any CPU = Debug|Any CPU
		Release|Any CPU = Release|Any CPU
	EndGlobalSection
	GlobalSection(ProjectConfigurationPlatforms) = postSolution
		{46555D73-067D-4FF2-8BAB-504E7B0DBD68}.Debug|Any CPU.ActiveCfg = Debug|Any CPU
		{46555D73-067D-4FF2-8BAB-504E7B0DBD68}.Debug|Any CPU.Build.0 = Debug|Any CPU
		{46555D73-067D-4FF2-8BAB-504E7B0DBD68}.Release|Any CPU.ActiveCfg = Release|Any CPU
		{46555D73-067D-4FF2-8BAB-504E7B0DBD68}.Release|Any CPU.Build.0 = Release|Any CPU
	EndGlobalSection
	GlobalSection(SolutionProperties) = preSolution
		HideSolutionNode = FALSE
	EndGlobalSection
	GlobalSection(ExtensibilityGlobals) = postSolution
		SolutionGuid = {B10D6904-790D-4A6E-BF93-F1DCEB0A0798}
	EndGlobalSection
EndGlobal
